
Microsoft Visual Studio Solution File, Format Version 12.00
# Visual Studio Version 17
VisualStudioVersion = 17.9.34701.34
MinimumVisualStudioVersion = 10.0.40219.1
Project("{FAE04EC0-301F-11D3-BF4B-00C04F79EFBC}") = "DexTg.Entities", "DexTg.Entities\DexTg.Entities.csproj", "{67264624-17FB-49CE-9855-7C70AB29FC74}"
EndProject
Global
	GlobalSection(SolutionConfigurationPlatforms) = preSolution
		Debug|Any CPU = Debug|Any CPU
		Release|Any CPU = Release|Any CPU
	EndGlobalSection
	GlobalSection(ProjectConfigurationPlatforms) = postSolution
		{67264624-17FB-49CE-9855-7C70AB29FC74}.Debug|Any CPU.ActiveCfg = Debug|Any CPU
		{67264624-17FB-49CE-9855-7C70AB29FC74}.Debug|Any CPU.Build.0 = Debug|Any CPU
		{67264624-17FB-49CE-9855-7C70AB29FC74}.Release|Any CPU.ActiveCfg = Release|Any CPU
		{67264624-17FB-49CE-9855-7C70AB29FC74}.Release|Any CPU.Build.0 = Release|Any CPU
	EndGlobalSection
	GlobalSection(SolutionProperties) = preSolution
		HideSolutionNode = FALSE
	EndGlobalSection
	GlobalSection(ExtensibilityGlobals) = postSolution
		SolutionGuid = {447281C7-4F64-4995-8907-95DD0C4A9C9D}
	EndGlobalSection
EndGlobal
