
Microsoft Visual Studio Solution File, Format Version 12.00
# Visual Studio Version 17
VisualStudioVersion = 17.9.34701.34
MinimumVisualStudioVersion = 10.0.40219.1
Project("{9A19103F-16F7-4668-BE54-9A1E7A4F7556}") = "Application", "Application\Application.csproj", "{C34B0141-8D2C-450C-B07D-86A7B810D264}"
EndProject
Project("{9A19103F-16F7-4668-BE54-9A1E7A4F7556}") = "Domain", "Domain\Domain.csproj", "{6A0AD8ED-FF74-47FD-9772-BBA5E01E7AAF}"
EndProject
Project("{9A19103F-16F7-4668-BE54-9A1E7A4F7556}") = "Infrastructure", "Infrastructure\Infrastructure.csproj", "{01174C1E-5433-40B9-AFD4-6778D8D0E453}"
EndProject
Global
	GlobalSection(SolutionConfigurationPlatforms) = preSolution
		Debug|Any CPU = Debug|Any CPU
		Release|Any CPU = Release|Any CPU
	EndGlobalSection
	GlobalSection(ProjectConfigurationPlatforms) = postSolution
		{C34B0141-8D2C-450C-B07D-86A7B810D264}.Debug|Any CPU.ActiveCfg = Debug|Any CPU
		{C34B0141-8D2C-450C-B07D-86A7B810D264}.Debug|Any CPU.Build.0 = Debug|Any CPU
		{C34B0141-8D2C-450C-B07D-86A7B810D264}.Release|Any CPU.ActiveCfg = Release|Any CPU
		{C34B0141-8D2C-450C-B07D-86A7B810D264}.Release|Any CPU.Build.0 = Release|Any CPU
		{6A0AD8ED-FF74-47FD-9772-BBA5E01E7AAF}.Debug|Any CPU.ActiveCfg = Debug|Any CPU
		{6A0AD8ED-FF74-47FD-9772-BBA5E01E7AAF}.Debug|Any CPU.Build.0 = Debug|Any CPU
		{6A0AD8ED-FF74-47FD-9772-BBA5E01E7AAF}.Release|Any CPU.ActiveCfg = Release|Any CPU
		{6A0AD8ED-FF74-47FD-9772-BBA5E01E7AAF}.Release|Any CPU.Build.0 = Release|Any CPU
		{01174C1E-5433-40B9-AFD4-6778D8D0E453}.Debug|Any CPU.ActiveCfg = Debug|Any CPU
		{01174C1E-5433-40B9-AFD4-6778D8D0E453}.Debug|Any CPU.Build.0 = Debug|Any CPU
		{01174C1E-5433-40B9-AFD4-6778D8D0E453}.Release|Any CPU.ActiveCfg = Release|Any CPU
		{01174C1E-5433-40B9-AFD4-6778D8D0E453}.Release|Any CPU.Build.0 = Release|Any CPU
	EndGlobalSection
	GlobalSection(SolutionProperties) = preSolution
		HideSolutionNode = FALSE
	EndGlobalSection
	GlobalSection(ExtensibilityGlobals) = postSolution
		SolutionGuid = {447281C7-4F64-4995-8907-95DD0C4A9C9D}
	EndGlobalSection
EndGlobal
